// !$*UTF8*$!
{
	archiveVersion = 1;
	classes = {
	};
	objectVersion = 77;
	objects = {

/* Begin PBXBuildFile section */
		EFFAC0662DA22CDA0010C3A4 /* Preview Assets.xcassets in Resources */ = {isa = PBXBuildFile; fileRef = EFFAC0602DA22CDA0010C3A4 /* Preview Assets.xcassets */; };
		EFFAC0672DA22CDA0010C3A4 /* Assets.xcassets in Resources */ = {isa = PBXBuildFile; fileRef = EFFAC0622DA22CDA0010C3A4 /* Assets.xcassets */; };
		EFFAC0682DA22CDA0010C3A4 /* ContentView.swift in Sources */ = {isa = PBXBuildFile; fileRef = EFFAC0632DA22CDA0010C3A4 /* ContentView.swift */; };
		EFFAC0692DA22CDA0010C3A4 /* DocbaseSwiftDataApp.swift in Sources */ = {isa = PBXBuildFile; fileRef = EFFAC0642DA22CDA0010C3A4 /* DocbaseSwiftDataApp.swift */; };
		EFFAC06B2DA22D0A0010C3A4 /* FeedbackReport.swift in Sources */ = {isa = PBXBuildFile; fileRef = EFFAC06A2DA22D0A0010C3A4 /* FeedbackReport.swift */; };
		EFFAC06F2DA22E9C0010C3A4 /* EditReportView.swift in Sources */ = {isa = PBXBuildFile; fileRef = EFFAC06E2DA22E9C0010C3A4 /* EditReportView.swift */; };
		EFFAC0722DA2368A0010C3A4 /* UTType+Ext.swift in Sources */ = {isa = PBXBuildFile; fileRef = EFFAC0712DA236640010C3A4 /* UTType+Ext.swift */; };
/* End PBXBuildFile section */

/* Begin PBXFileReference section */
		EFFAC04F2DA22CD20010C3A4 /* DocbaseSwiftData.app */ = {isa = PBXFileReference; explicitFileType = wrapper.application; includeInIndex = 0; path = DocbaseSwiftData.app; sourceTree = BUILT_PRODUCTS_DIR; };
		EFFAC0602DA22CDA0010C3A4 /* Preview Assets.xcassets */ = {isa = PBXFileReference; lastKnownFileType = folder.assetcatalog; path = "Preview Assets.xcassets"; sourceTree = "<group>"; };
		EFFAC0622DA22CDA0010C3A4 /* Assets.xcassets */ = {isa = PBXFileReference; lastKnownFileType = folder.assetcatalog; path = Assets.xcassets; sourceTree = "<group>"; };
		EFFAC0632DA22CDA0010C3A4 /* ContentView.swift */ = {isa = PBXFileReference; lastKnownFileType = sourcecode.swift; path = ContentView.swift; sourceTree = "<group>"; };
		EFFAC0642DA22CDA0010C3A4 /* DocbaseSwiftDataApp.swift */ = {isa = PBXFileReference; lastKnownFileType = sourcecode.swift; path = DocbaseSwiftDataApp.swift; sourceTree = "<group>"; };
		EFFAC06A2DA22D0A0010C3A4 /* FeedbackReport.swift */ = {isa = PBXFileReference; lastKnownFileType = sourcecode.swift; path = FeedbackReport.swift; sourceTree = "<group>"; };
		EFFAC06E2DA22E9C0010C3A4 /* EditReportView.swift */ = {isa = PBXFileReference; lastKnownFileType = sourcecode.swift; path = EditReportView.swift; sourceTree = "<group>"; };
		EFFAC0702DA2354B0010C3A4 /* Info.plist */ = {isa = PBXFileReference; lastKnownFileType = text.plist; path = Info.plist; sourceTree = "<group>"; };
		EFFAC0712DA236640010C3A4 /* UTType+Ext.swift */ = {isa = PBXFileReference; lastKnownFileType = sourcecode.swift; path = "UTType+Ext.swift"; sourceTree = "<group>"; };
/* End PBXFileReference section */

/* Begin PBXFrameworksBuildPhase section */
		EFFAC04C2DA22CD20010C3A4 /* Frameworks */ = {
			isa = PBXFrameworksBuildPhase;
			buildActionMask = 2147483647;
			files = (
			);
			runOnlyForDeploymentPostprocessing = 0;
		};
/* End PBXFrameworksBuildPhase section */

/* Begin PBXGroup section */
		EFFAC0462DA22CD20010C3A4 = {
			isa = PBXGroup;
			children = (
				EFFAC0652DA22CDA0010C3A4 /* DocbaseSwiftData */,
				EFFAC0502DA22CD20010C3A4 /* Products */,
			);
			sourceTree = "<group>";
		};
		EFFAC0502DA22CD20010C3A4 /* Products */ = {
			isa = PBXGroup;
			children = (
				EFFAC04F2DA22CD20010C3A4 /* DocbaseSwiftData.app */,
			);
			name = Products;
			sourceTree = "<group>";
		};
		EFFAC0612DA22CDA0010C3A4 /* Preview Content */ = {
			isa = PBXGroup;
			children = (
				EFFAC0602DA22CDA0010C3A4 /* Preview Assets.xcassets */,
			);
			path = "Preview Content";
			sourceTree = "<group>";
		};
		EFFAC0652DA22CDA0010C3A4 /* DocbaseSwiftData */ = {
			isa = PBXGroup;
			children = (
				EFFAC0702DA2354B0010C3A4 /* Info.plist */,
				EFFAC06C2DA22D130010C3A4 /* Model */,
				EFFAC06D2DA22E860010C3A4 /* View */,
				EFFAC0642DA22CDA0010C3A4 /* DocbaseSwiftDataApp.swift */,
				EFFAC0622DA22CDA0010C3A4 /* Assets.xcassets */,
				EFFAC0612DA22CDA0010C3A4 /* Preview Content */,
			);
			path = DocbaseSwiftData;
			sourceTree = "<group>";
		};
		EFFAC06C2DA22D130010C3A4 /* Model */ = {
			isa = PBXGroup;
			children = (
				EFFAC0712DA236640010C3A4 /* UTType+Ext.swift */,
				EFFAC06A2DA22D0A0010C3A4 /* FeedbackReport.swift */,
			);
			path = Model;
			sourceTree = "<group>";
		};
		EFFAC06D2DA22E860010C3A4 /* View */ = {
			isa = PBXGroup;
			children = (
				EFFAC0632DA22CDA0010C3A4 /* ContentView.swift */,
				EFFAC06E2DA22E9C0010C3A4 /* EditReportView.swift */,
			);
			path = View;
			sourceTree = "<group>";
		};
/* End PBXGroup section */

/* Begin PBXNativeTarget section */
		EFFAC04E2DA22CD20010C3A4 /* DocbaseSwiftData */ = {
			isa = PBXNativeTarget;
			buildConfigurationList = EFFAC05D2DA22CD30010C3A4 /* Build configuration list for PBXNativeTarget "DocbaseSwiftData" */;
			buildPhases = (
				EFFAC04B2DA22CD20010C3A4 /* Sources */,
				EFFAC04C2DA22CD20010C3A4 /* Frameworks */,
				EFFAC04D2DA22CD20010C3A4 /* Resources */,
			);
			buildRules = (
			);
			dependencies = (
			);
			name = DocbaseSwiftData;
			packageProductDependencies = (
			);
			productName = DocbaseSwiftData;
			productReference = EFFAC04F2DA22CD20010C3A4 /* DocbaseSwiftData.app */;
			productType = "com.apple.product-type.application";
		};
/* End PBXNativeTarget section */

/* Begin PBXProject section */
		EFFAC0472DA22CD20010C3A4 /* Project object */ = {
			isa = PBXProject;
			attributes = {
				BuildIndependentTargetsInParallel = 1;
				LastSwiftUpdateCheck = 1620;
				LastUpgradeCheck = 1620;
				TargetAttributes = {
					EFFAC04E2DA22CD20010C3A4 = {
						CreatedOnToolsVersion = 16.2;
					};
				};
			};
			buildConfigurationList = EFFAC04A2DA22CD20010C3A4 /* Build configuration list for PBXProject "DocbaseSwiftData" */;
			developmentRegion = en;
			hasScannedForEncodings = 0;
			knownRegions = (
				en,
				Base,
			);
			mainGroup = EFFAC0462DA22CD20010C3A4;
			minimizedProjectReferenceProxies = 1;
			preferredProjectObjectVersion = 77;
			productRefGroup = EFFAC0502DA22CD20010C3A4 /* Products */;
			projectDirPath = "";
			projectRoot = "";
			targets = (
				EFFAC04E2DA22CD20010C3A4 /* DocbaseSwiftData */,
			);
		};
/* End PBXProject section */

/* Begin PBXResourcesBuildPhase section */
		EFFAC04D2DA22CD20010C3A4 /* Resources */ = {
			isa = PBXResourcesBuildPhase;
			buildActionMask = 2147483647;
			files = (
				EFFAC0662DA22CDA0010C3A4 /* Preview Assets.xcassets in Resources */,
				EFFAC0672DA22CDA0010C3A4 /* Assets.xcassets in Resources */,
			);
			runOnlyForDeploymentPostprocessing = 0;
		};
/* End PBXResourcesBuildPhase section */

/* Begin PBXSourcesBuildPhase section */
		EFFAC04B2DA22CD20010C3A4 /* Sources */ = {
			isa = PBXSourcesBuildPhase;
			buildActionMask = 2147483647;
			files = (
				EFFAC06F2DA22E9C0010C3A4 /* EditReportView.swift in Sources */,
				EFFAC0722DA2368A0010C3A4 /* UTType+Ext.swift in Sources */,
				EFFAC06B2DA22D0A0010C3A4 /* FeedbackReport.swift in Sources */,
				EFFAC0682DA22CDA0010C3A4 /* ContentView.swift in Sources */,
				EFFAC0692DA22CDA0010C3A4 /* DocbaseSwiftDataApp.swift in Sources */,
			);
			runOnlyForDeploymentPostprocessing = 0;
		};
/* End PBXSourcesBuildPhase section */

/* Begin XCBuildConfiguration section */
		EFFAC05B2DA22CD30010C3A4 /* Debug */ = {
			isa = XCBuildConfiguration;
			buildSettings = {
				ALWAYS_SEARCH_USER_PATHS = NO;
				ASSETCATALOG_COMPILER_GENERATE_SWIFT_ASSET_SYMBOL_EXTENSIONS = YES;
				CLANG_ANALYZER_NONNULL = YES;
				CLANG_ANALYZER_NUMBER_OBJECT_CONVERSION = YES_AGGRESSIVE;
				CLANG_CXX_LANGUAGE_STANDARD = "gnu++20";
				CLANG_ENABLE_MODULES = YES;
				CLANG_ENABLE_OBJC_ARC = YES;
				CLANG_ENABLE_OBJC_WEAK = YES;
				CLANG_WARN_BLOCK_CAPTURE_AUTORELEASING = YES;
				CLANG_WARN_BOOL_CONVERSION = YES;
				CLANG_WARN_COMMA = YES;
				CLANG_WARN_CONSTANT_CONVERSION = YES;
				CLANG_WARN_DEPRECATED_OBJC_IMPLEMENTATIONS = YES;
				CLANG_WARN_DIRECT_OBJC_ISA_USAGE = YES_ERROR;
				CLANG_WARN_DOCUMENTATION_COMMENTS = YES;
				CLANG_WARN_EMPTY_BODY = YES;
				CLANG_WARN_ENUM_CONVERSION = YES;
				CLANG_WARN_INFINITE_RECURSION = YES;
				CLANG_WARN_INT_CONVERSION = YES;
				CLANG_WARN_NON_LITERAL_NULL_CONVERSION = YES;
				CLANG_WARN_OBJC_IMPLICIT_RETAIN_SELF = YES;
				CLANG_WARN_OBJC_LITERAL_CONVERSION = YES;
				CLANG_WARN_OBJC_ROOT_CLASS = YES_ERROR;
				CLANG_WARN_QUOTED_INCLUDE_IN_FRAMEWORK_HEADER = YES;
				CLANG_WARN_RANGE_LOOP_ANALYSIS = YES;
				CLANG_WARN_STRICT_PROTOTYPES = YES;
				CLANG_WARN_SUSPICIOUS_MOVE = YES;
				CLANG_WARN_UNGUARDED_AVAILABILITY = YES_AGGRESSIVE;
				CLANG_WARN_UNREACHABLE_CODE = YES;
				CLANG_WARN__DUPLICATE_METHOD_MATCH = YES;
				COPY_PHASE_STRIP = NO;
				DEBUG_INFORMATION_FORMAT = dwarf;
				ENABLE_STRICT_OBJC_MSGSEND = YES;
				ENABLE_TESTABILITY = YES;
				ENABLE_USER_SCRIPT_SANDBOXING = YES;
				GCC_C_LANGUAGE_STANDARD = gnu17;
				GCC_DYNAMIC_NO_PIC = NO;
				GCC_NO_COMMON_BLOCKS = YES;
				GCC_OPTIMIZATION_LEVEL = 0;
				GCC_PREPROCESSOR_DEFINITIONS = (
					"DEBUG=1",
					"$(inherited)",
				);
				GCC_WARN_64_TO_32_BIT_CONVERSION = YES;
				GCC_WARN_ABOUT_RETURN_TYPE = YES_ERROR;
				GCC_WARN_UNDECLARED_SELECTOR = YES;
				GCC_WARN_UNINITIALIZED_AUTOS = YES_AGGRESSIVE;
				GCC_WARN_UNUSED_FUNCTION = YES;
				GCC_WARN_UNUSED_VARIABLE = YES;
				IPHONEOS_DEPLOYMENT_TARGET = 18.2;
				LOCALIZATION_PREFERS_STRING_CATALOGS = YES;
				MTL_ENABLE_DEBUG_INFO = INCLUDE_SOURCE;
				MTL_FAST_MATH = YES;
				ONLY_ACTIVE_ARCH = YES;
				SDKROOT = iphoneos;
				SWIFT_ACTIVE_COMPILATION_CONDITIONS = "DEBUG $(inherited)";
				SWIFT_OPTIMIZATION_LEVEL = "-Onone";
			};
			name = Debug;
		};
		EFFAC05C2DA22CD30010C3A4 /* Release */ = {
			isa = XCBuildConfiguration;
			buildSettings = {
				ALWAYS_SEARCH_USER_PATHS = NO;
				ASSETCATALOG_COMPILER_GENERATE_SWIFT_ASSET_SYMBOL_EXTENSIONS = YES;
				CLANG_ANALYZER_NONNULL = YES;
				CLANG_ANALYZER_NUMBER_OBJECT_CONVERSION = YES_AGGRESSIVE;
				CLANG_CXX_LANGUAGE_STANDARD = "gnu++20";
				CLANG_ENABLE_MODULES = YES;
				CLANG_ENABLE_OBJC_ARC = YES;
				CLANG_ENABLE_OBJC_WEAK = YES;
				CLANG_WARN_BLOCK_CAPTURE_AUTORELEASING = YES;
				CLANG_WARN_BOOL_CONVERSION = YES;
				CLANG_WARN_COMMA = YES;
				CLANG_WARN_CONSTANT_CONVERSION = YES;
				CLANG_WARN_DEPRECATED_OBJC_IMPLEMENTATIONS = YES;
				CLANG_WARN_DIRECT_OBJC_ISA_USAGE = YES_ERROR;
				CLANG_WARN_DOCUMENTATION_COMMENTS = YES;
				CLANG_WARN_EMPTY_BODY = YES;
				CLANG_WARN_ENUM_CONVERSION = YES;
				CLANG_WARN_INFINITE_RECURSION = YES;
				CLANG_WARN_INT_CONVERSION = YES;
				CLANG_WARN_NON_LITERAL_NULL_CONVERSION = YES;
				CLANG_WARN_OBJC_IMPLICIT_RETAIN_SELF = YES;
				CLANG_WARN_OBJC_LITERAL_CONVERSION = YES;
				CLANG_WARN_OBJC_ROOT_CLASS = YES_ERROR;
				CLANG_WARN_QUOTED_INCLUDE_IN_FRAMEWORK_HEADER = YES;
				CLANG_WARN_RANGE_LOOP_ANALYSIS = YES;
				CLANG_WARN_STRICT_PROTOTYPES = YES;
				CLANG_WARN_SUSPICIOUS_MOVE = YES;
				CLANG_WARN_UNGUARDED_AVAILABILITY = YES_AGGRESSIVE;
				CLANG_WARN_UNREACHABLE_CODE = YES;
				CLANG_WARN__DUPLICATE_METHOD_MATCH = YES;
				COPY_PHASE_STRIP = NO;
				DEBUG_INFORMATION_FORMAT = "dwarf-with-dsym";
				ENABLE_NS_ASSERTIONS = NO;
				ENABLE_STRICT_OBJC_MSGSEND = YES;
				ENABLE_USER_SCRIPT_SANDBOXING = YES;
				GCC_C_LANGUAGE_STANDARD = gnu17;
				GCC_NO_COMMON_BLOCKS = YES;
				GCC_WARN_64_TO_32_BIT_CONVERSION = YES;
				GCC_WARN_ABOUT_RETURN_TYPE = YES_ERROR;
				GCC_WARN_UNDECLARED_SELECTOR = YES;
				GCC_WARN_UNINITIALIZED_AUTOS = YES_AGGRESSIVE;
				GCC_WARN_UNUSED_FUNCTION = YES;
				GCC_WARN_UNUSED_VARIABLE = YES;
				IPHONEOS_DEPLOYMENT_TARGET = 18.2;
				LOCALIZATION_PREFERS_STRING_CATALOGS = YES;
				MTL_ENABLE_DEBUG_INFO = NO;
				MTL_FAST_MATH = YES;
				SDKROOT = iphoneos;
				SWIFT_COMPILATION_MODE = wholemodule;
				VALIDATE_PRODUCT = YES;
			};
			name = Release;
		};
		EFFAC05E2DA22CD30010C3A4 /* Debug */ = {
			isa = XCBuildConfiguration;
			buildSettings = {
				ASSETCATALOG_COMPILER_APPICON_NAME = AppIcon;
				ASSETCATALOG_COMPILER_GLOBAL_ACCENT_COLOR_NAME = AccentColor;
				CODE_SIGN_STYLE = Automatic;
				CURRENT_PROJECT_VERSION = 1;
				DEVELOPMENT_ASSET_PATHS = "\"DocbaseSwiftData/Preview Content\"";
				DEVELOPMENT_TEAM = T9MD4URZFH;
				ENABLE_PREVIEWS = YES;
				GENERATE_INFOPLIST_FILE = YES;
				INFOPLIST_FILE = DocbaseSwiftData/Info.plist;
				INFOPLIST_KEY_UIApplicationSceneManifest_Generation = YES;
				INFOPLIST_KEY_UIApplicationSupportsIndirectInputEvents = YES;
				INFOPLIST_KEY_UILaunchScreen_Generation = YES;
				INFOPLIST_KEY_UISupportedInterfaceOrientations_iPad = "UIInterfaceOrientationPortrait UIInterfaceOrientationPortraitUpsideDown UIInterfaceOrientationLandscapeLeft UIInterfaceOrientationLandscapeRight";
				INFOPLIST_KEY_UISupportedInterfaceOrientations_iPhone = "UIInterfaceOrientationPortrait UIInterfaceOrientationLandscapeLeft UIInterfaceOrientationLandscapeRight";
				INFOPLIST_KEY_UISupportsDocumentBrowser = YES;
				LD_RUNPATH_SEARCH_PATHS = (
					"$(inherited)",
					"@executable_path/Frameworks",
				);
				MARKETING_VERSION = 1.0;
				PRODUCT_BUNDLE_IDENTIFIER = com.superkookai.DocbaseSwiftData;
				PRODUCT_NAME = "$(TARGET_NAME)";
				SWIFT_EMIT_LOC_STRINGS = YES;
				SWIFT_VERSION = 5.0;
				TARGETED_DEVICE_FAMILY = "1,2";
			};
			name = Debug;
		};
		EFFAC05F2DA22CD30010C3A4 /* Release */ = {
			isa = XCBuildConfiguration;
			buildSettings = {
				ASSETCATALOG_COMPILER_APPICON_NAME = AppIcon;
				ASSETCATALOG_COMPILER_GLOBAL_ACCENT_COLOR_NAME = AccentColor;
				CODE_SIGN_STYLE = Automatic;
				CURRENT_PROJECT_VERSION = 1;
				DEVELOPMENT_ASSET_PATHS = "\"DocbaseSwiftData/Preview Content\"";
				DEVELOPMENT_TEAM = T9MD4URZFH;
				ENABLE_PREVIEWS = YES;
				GENERATE_INFOPLIST_FILE = YES;
				INFOPLIST_FILE = DocbaseSwiftData/Info.plist;
				INFOPLIST_KEY_UIApplicationSceneManifest_Generation = YES;
				INFOPLIST_KEY_UIApplicationSupportsIndirectInputEvents = YES;
				INFOPLIST_KEY_UILaunchScreen_Generation = YES;
				INFOPLIST_KEY_UISupportedInterfaceOrientations_iPad = "UIInterfaceOrientationPortrait UIInterfaceOrientationPortraitUpsideDown UIInterfaceOrientationLandscapeLeft UIInterfaceOrientationLandscapeRight";
				INFOPLIST_KEY_UISupportedInterfaceOrientations_iPhone = "UIInterfaceOrientationPortrait UIInterfaceOrientationLandscapeLeft UIInterfaceOrientationLandscapeRight";
				INFOPLIST_KEY_UISupportsDocumentBrowser = YES;
				LD_RUNPATH_SEARCH_PATHS = (
					"$(inherited)",
					"@executable_path/Frameworks",
				);
				MARKETING_VERSION = 1.0;
				PRODUCT_BUNDLE_IDENTIFIER = com.superkookai.DocbaseSwiftData;
				PRODUCT_NAME = "$(TARGET_NAME)";
				SWIFT_EMIT_LOC_STRINGS = YES;
				SWIFT_VERSION = 5.0;
				TARGETED_DEVICE_FAMILY = "1,2";
			};
			name = Release;
		};
/* End XCBuildConfiguration section */

/* Begin XCConfigurationList section */
		EFFAC04A2DA22CD20010C3A4 /* Build configuration list for PBXProject "DocbaseSwiftData" */ = {
			isa = XCConfigurationList;
			buildConfigurations = (
				EFFAC05B2DA22CD30010C3A4 /* Debug */,
				EFFAC05C2DA22CD30010C3A4 /* Release */,
			);
			defaultConfigurationIsVisible = 0;
			defaultConfigurationName = Release;
		};
		EFFAC05D2DA22CD30010C3A4 /* Build configuration list for PBXNativeTarget "DocbaseSwiftData" */ = {
			isa = XCConfigurationList;
			buildConfigurations = (
				EFFAC05E2DA22CD30010C3A4 /* Debug */,
				EFFAC05F2DA22CD30010C3A4 /* Release */,
			);
			defaultConfigurationIsVisible = 0;
			defaultConfigurationName = Release;
		};
/* End XCConfigurationList section */
	};
	rootObject = EFFAC0472DA22CD20010C3A4 /* Project object */;
}
